// !$*UTF8*$!
{
	archiveVersion = 1;
	classes = {
	};
	objectVersion = 56;
	objects = {

/* Begin PBXBuildFile section */
		081AF85928FDF71E00425075 /* AppDelegate.swift in Sources */ = {isa = PBXBuildFile; fileRef = 081AF85828FDF71E00425075 /* AppDelegate.swift */; };
		081AF85B28FDF71E00425075 /* SceneDelegate.swift in Sources */ = {isa = PBXBuildFile; fileRef = 081AF85A28FDF71E00425075 /* SceneDelegate.swift */; };
		081AF85D28FDF71E00425075 /* SearchViewController.swift in Sources */ = {isa = PBXBuildFile; fileRef = 081AF85C28FDF71E00425075 /* SearchViewController.swift */; };
		081AF86228FDF71F00425075 /* Assets.xcassets in Resources */ = {isa = PBXBuildFile; fileRef = 081AF86128FDF71F00425075 /* Assets.xcassets */; };
		081AF86528FDF71F00425075 /* LaunchScreen.storyboard in Resources */ = {isa = PBXBuildFile; fileRef = 081AF86328FDF71F00425075 /* LaunchScreen.storyboard */; };
		081AF86F28FDFC5800425075 /* Section.swift in Sources */ = {isa = PBXBuildFile; fileRef = 081AF86E28FDFC5800425075 /* Section.swift */; };
		081AF87128FDFD2700425075 /* TwitterHandleModel.swift in Sources */ = {isa = PBXBuildFile; fileRef = 081AF87028FDFD2700425075 /* TwitterHandleModel.swift */; };
		081AF87428FE08FF00425075 /* APIManager.swift in Sources */ = {isa = PBXBuildFile; fileRef = 081AF87328FE08FF00425075 /* APIManager.swift */; };
		081AF87B28FF1CBE00425075 /* EndpointManager.swift in Sources */ = {isa = PBXBuildFile; fileRef = 081AF87A28FF1CBE00425075 /* EndpointManager.swift */; };
		081AF87D28FF1DCA00425075 /* TagNFCViewController.swift in Sources */ = {isa = PBXBuildFile; fileRef = 081AF87C28FF1DCA00425075 /* TagNFCViewController.swift */; };
		0855DF532900C0FF0025858B /* NfcWriterUITests.swift in Sources */ = {isa = PBXBuildFile; fileRef = 0855DF522900C0FF0025858B /* NfcWriterUITests.swift */; };
		0855DF552900C0FF0025858B /* NfcWriterUITestsLaunchTests.swift in Sources */ = {isa = PBXBuildFile; fileRef = 0855DF542900C0FF0025858B /* NfcWriterUITestsLaunchTests.swift */; };
		0855DF602900C7310025858B /* SearchUITests.swift in Sources */ = {isa = PBXBuildFile; fileRef = 0855DF5F2900C7310025858B /* SearchUITests.swift */; };
		0855DF622900E3080025858B /* SnapshotHelper.swift in Sources */ = {isa = PBXBuildFile; fileRef = 0855DF612900E3080025858B /* SnapshotHelper.swift */; };
/* End PBXBuildFile section */

/* Begin PBXContainerItemProxy section */
		0855DF562900C0FF0025858B /* PBXContainerItemProxy */ = {
			isa = PBXContainerItemProxy;
			containerPortal = 081AF84D28FDF71E00425075 /* Project object */;
			proxyType = 1;
			remoteGlobalIDString = 081AF85428FDF71E00425075;
			remoteInfo = NfcWriter;
		};
/* End PBXContainerItemProxy section */

/* Begin PBXFileReference section */
		081AF85528FDF71E00425075 /* NfcWriter.app */ = {isa = PBXFileReference; explicitFileType = wrapper.application; includeInIndex = 0; path = NfcWriter.app; sourceTree = BUILT_PRODUCTS_DIR; };
		081AF85828FDF71E00425075 /* AppDelegate.swift */ = {isa = PBXFileReference; lastKnownFileType = sourcecode.swift; path = AppDelegate.swift; sourceTree = "<group>"; };
		081AF85A28FDF71E00425075 /* SceneDelegate.swift */ = {isa = PBXFileReference; lastKnownFileType = sourcecode.swift; path = SceneDelegate.swift; sourceTree = "<group>"; };
		081AF85C28FDF71E00425075 /* SearchViewController.swift */ = {isa = PBXFileReference; lastKnownFileType = sourcecode.swift; path = SearchViewController.swift; sourceTree = "<group>"; };
		081AF86128FDF71F00425075 /* Assets.xcassets */ = {isa = PBXFileReference; lastKnownFileType = folder.assetcatalog; path = Assets.xcassets; sourceTree = "<group>"; };
		081AF86428FDF71F00425075 /* Base */ = {isa = PBXFileReference; lastKnownFileType = file.storyboard; name = Base; path = Base.lproj/LaunchScreen.storyboard; sourceTree = "<group>"; };
		081AF86628FDF71F00425075 /* Info.plist */ = {isa = PBXFileReference; lastKnownFileType = text.plist.xml; path = Info.plist; sourceTree = "<group>"; };
		081AF86E28FDFC5800425075 /* Section.swift */ = {isa = PBXFileReference; lastKnownFileType = sourcecode.swift; path = Section.swift; sourceTree = "<group>"; };
		081AF87028FDFD2700425075 /* TwitterHandleModel.swift */ = {isa = PBXFileReference; lastKnownFileType = sourcecode.swift; path = TwitterHandleModel.swift; sourceTree = "<group>"; };
		081AF87228FE017F00425075 /* Config.xcconfig */ = {isa = PBXFileReference; lastKnownFileType = text.xcconfig; path = Config.xcconfig; sourceTree = "<group>"; };
		081AF87328FE08FF00425075 /* APIManager.swift */ = {isa = PBXFileReference; lastKnownFileType = sourcecode.swift; path = APIManager.swift; sourceTree = "<group>"; };
		081AF87A28FF1CBE00425075 /* EndpointManager.swift */ = {isa = PBXFileReference; lastKnownFileType = sourcecode.swift; path = EndpointManager.swift; sourceTree = "<group>"; };
		081AF87C28FF1DCA00425075 /* TagNFCViewController.swift */ = {isa = PBXFileReference; lastKnownFileType = sourcecode.swift; path = TagNFCViewController.swift; sourceTree = "<group>"; };
		081AF87F28FF3A2A00425075 /* CoreNFC.framework */ = {isa = PBXFileReference; lastKnownFileType = wrapper.framework; name = CoreNFC.framework; path = System/Library/Frameworks/CoreNFC.framework; sourceTree = SDKROOT; };
		0855DF2E28FFB1E20025858B /* NfcWriter.entitlements */ = {isa = PBXFileReference; lastKnownFileType = text.plist.entitlements; path = NfcWriter.entitlements; sourceTree = "<group>"; };
		0855DF502900C0FF0025858B /* NfcWriterUITests.xctest */ = {isa = PBXFileReference; explicitFileType = wrapper.cfbundle; includeInIndex = 0; path = NfcWriterUITests.xctest; sourceTree = BUILT_PRODUCTS_DIR; };
		0855DF522900C0FF0025858B /* NfcWriterUITests.swift */ = {isa = PBXFileReference; lastKnownFileType = sourcecode.swift; path = NfcWriterUITests.swift; sourceTree = "<group>"; };
		0855DF542900C0FF0025858B /* NfcWriterUITestsLaunchTests.swift */ = {isa = PBXFileReference; lastKnownFileType = sourcecode.swift; path = NfcWriterUITestsLaunchTests.swift; sourceTree = "<group>"; };
		0855DF5F2900C7310025858B /* SearchUITests.swift */ = {isa = PBXFileReference; lastKnownFileType = sourcecode.swift; path = SearchUITests.swift; sourceTree = "<group>"; };
		0855DF612900E3080025858B /* SnapshotHelper.swift */ = {isa = PBXFileReference; fileEncoding = 4; lastKnownFileType = sourcecode.swift; path = SnapshotHelper.swift; sourceTree = "<group>"; };
		0855DF632900F1DB0025858B /* NfcWriterRelease.entitlements */ = {isa = PBXFileReference; lastKnownFileType = text.plist.entitlements; path = NfcWriterRelease.entitlements; sourceTree = "<group>"; };
/* End PBXFileReference section */

/* Begin PBXFrameworksBuildPhase section */
		081AF85228FDF71E00425075 /* Frameworks */ = {
			isa = PBXFrameworksBuildPhase;
			buildActionMask = 2147483647;
			files = (
			);
			runOnlyForDeploymentPostprocessing = 0;
		};
		0855DF4D2900C0FF0025858B /* Frameworks */ = {
			isa = PBXFrameworksBuildPhase;
			buildActionMask = 2147483647;
			files = (
			);
			runOnlyForDeploymentPostprocessing = 0;
		};
/* End PBXFrameworksBuildPhase section */

/* Begin PBXGroup section */
		081AF84C28FDF71E00425075 = {
			isa = PBXGroup;
			children = (
				081AF85728FDF71E00425075 /* NfcWriter */,
				0855DF512900C0FF0025858B /* NfcWriterUITests */,
				081AF85628FDF71E00425075 /* Products */,
				081AF87E28FF3A2A00425075 /* Frameworks */,
			);
			sourceTree = "<group>";
		};
		081AF85628FDF71E00425075 /* Products */ = {
			isa = PBXGroup;
			children = (
				081AF85528FDF71E00425075 /* NfcWriter.app */,
				0855DF502900C0FF0025858B /* NfcWriterUITests.xctest */,
			);
			name = Products;
			sourceTree = "<group>";
		};
		081AF85728FDF71E00425075 /* NfcWriter */ = {
			isa = PBXGroup;
			children = (
				0855DF632900F1DB0025858B /* NfcWriterRelease.entitlements */,
				0855DF2E28FFB1E20025858B /* NfcWriter.entitlements */,
				081AF85828FDF71E00425075 /* AppDelegate.swift */,
				081AF85A28FDF71E00425075 /* SceneDelegate.swift */,
				081AF85C28FDF71E00425075 /* SearchViewController.swift */,
				081AF87C28FF1DCA00425075 /* TagNFCViewController.swift */,
				081AF86E28FDFC5800425075 /* Section.swift */,
				081AF87028FDFD2700425075 /* TwitterHandleModel.swift */,
				081AF87328FE08FF00425075 /* APIManager.swift */,
				081AF87A28FF1CBE00425075 /* EndpointManager.swift */,
				081AF86128FDF71F00425075 /* Assets.xcassets */,
				081AF86328FDF71F00425075 /* LaunchScreen.storyboard */,
				081AF86628FDF71F00425075 /* Info.plist */,
				081AF87228FE017F00425075 /* Config.xcconfig */,
			);
			path = NfcWriter;
			sourceTree = "<group>";
		};
		081AF87E28FF3A2A00425075 /* Frameworks */ = {
			isa = PBXGroup;
			children = (
				081AF87F28FF3A2A00425075 /* CoreNFC.framework */,
			);
			name = Frameworks;
			sourceTree = "<group>";
		};
		0855DF512900C0FF0025858B /* NfcWriterUITests */ = {
			isa = PBXGroup;
			children = (
				0855DF522900C0FF0025858B /* NfcWriterUITests.swift */,
				0855DF5F2900C7310025858B /* SearchUITests.swift */,
				0855DF542900C0FF0025858B /* NfcWriterUITestsLaunchTests.swift */,
				0855DF612900E3080025858B /* SnapshotHelper.swift */,
			);
			path = NfcWriterUITests;
			sourceTree = "<group>";
		};
/* End PBXGroup section */

/* Begin PBXNativeTarget section */
		081AF85428FDF71E00425075 /* NfcWriter */ = {
			isa = PBXNativeTarget;
			buildConfigurationList = 081AF86928FDF71F00425075 /* Build configuration list for PBXNativeTarget "NfcWriter" */;
			buildPhases = (
				081AF85128FDF71E00425075 /* Sources */,
				081AF85228FDF71E00425075 /* Frameworks */,
				081AF85328FDF71E00425075 /* Resources */,
			);
			buildRules = (
			);
			dependencies = (
			);
			name = NfcWriter;
			productName = NfcWriter;
			productReference = 081AF85528FDF71E00425075 /* NfcWriter.app */;
			productType = "com.apple.product-type.application";
		};
		0855DF4F2900C0FF0025858B /* NfcWriterUITests */ = {
			isa = PBXNativeTarget;
			buildConfigurationList = 0855DF5A2900C0FF0025858B /* Build configuration list for PBXNativeTarget "NfcWriterUITests" */;
			buildPhases = (
				0855DF4C2900C0FF0025858B /* Sources */,
				0855DF4D2900C0FF0025858B /* Frameworks */,
				0855DF4E2900C0FF0025858B /* Resources */,
			);
			buildRules = (
			);
			dependencies = (
				0855DF572900C0FF0025858B /* PBXTargetDependency */,
			);
			name = NfcWriterUITests;
			productName = NfcWriterUITests;
			productReference = 0855DF502900C0FF0025858B /* NfcWriterUITests.xctest */;
			productType = "com.apple.product-type.bundle.ui-testing";
		};
/* End PBXNativeTarget section */

/* Begin PBXProject section */
		081AF84D28FDF71E00425075 /* Project object */ = {
			isa = PBXProject;
			attributes = {
				BuildIndependentTargetsInParallel = 1;
				LastSwiftUpdateCheck = 1400;
				LastUpgradeCheck = 1400;
				TargetAttributes = {
					081AF85428FDF71E00425075 = {
						CreatedOnToolsVersion = 14.0.1;
					};
					0855DF4F2900C0FF0025858B = {
						CreatedOnToolsVersion = 14.0.1;
						TestTargetID = 081AF85428FDF71E00425075;
					};
				};
			};
			buildConfigurationList = 081AF85028FDF71E00425075 /* Build configuration list for PBXProject "NfcWriter" */;
			compatibilityVersion = "Xcode 14.0";
			developmentRegion = en;
			hasScannedForEncodings = 0;
			knownRegions = (
				en,
				Base,
			);
			mainGroup = 081AF84C28FDF71E00425075;
			productRefGroup = 081AF85628FDF71E00425075 /* Products */;
			projectDirPath = "";
			projectRoot = "";
			targets = (
				081AF85428FDF71E00425075 /* NfcWriter */,
				0855DF4F2900C0FF0025858B /* NfcWriterUITests */,
			);
		};
/* End PBXProject section */

/* Begin PBXResourcesBuildPhase section */
		081AF85328FDF71E00425075 /* Resources */ = {
			isa = PBXResourcesBuildPhase;
			buildActionMask = 2147483647;
			files = (
				081AF86528FDF71F00425075 /* LaunchScreen.storyboard in Resources */,
				081AF86228FDF71F00425075 /* Assets.xcassets in Resources */,
			);
			runOnlyForDeploymentPostprocessing = 0;
		};
		0855DF4E2900C0FF0025858B /* Resources */ = {
			isa = PBXResourcesBuildPhase;
			buildActionMask = 2147483647;
			files = (
			);
			runOnlyForDeploymentPostprocessing = 0;
		};
/* End PBXResourcesBuildPhase section */

/* Begin PBXSourcesBuildPhase section */
		081AF85128FDF71E00425075 /* Sources */ = {
			isa = PBXSourcesBuildPhase;
			buildActionMask = 2147483647;
			files = (
				081AF87428FE08FF00425075 /* APIManager.swift in Sources */,
				081AF85D28FDF71E00425075 /* SearchViewController.swift in Sources */,
				081AF87B28FF1CBE00425075 /* EndpointManager.swift in Sources */,
				081AF85928FDF71E00425075 /* AppDelegate.swift in Sources */,
				081AF86F28FDFC5800425075 /* Section.swift in Sources */,
				081AF85B28FDF71E00425075 /* SceneDelegate.swift in Sources */,
				081AF87128FDFD2700425075 /* TwitterHandleModel.swift in Sources */,
				081AF87D28FF1DCA00425075 /* TagNFCViewController.swift in Sources */,
			);
			runOnlyForDeploymentPostprocessing = 0;
		};
		0855DF4C2900C0FF0025858B /* Sources */ = {
			isa = PBXSourcesBuildPhase;
			buildActionMask = 2147483647;
			files = (
				0855DF532900C0FF0025858B /* NfcWriterUITests.swift in Sources */,
				0855DF602900C7310025858B /* SearchUITests.swift in Sources */,
				0855DF552900C0FF0025858B /* NfcWriterUITestsLaunchTests.swift in Sources */,
				0855DF622900E3080025858B /* SnapshotHelper.swift in Sources */,
			);
			runOnlyForDeploymentPostprocessing = 0;
		};
/* End PBXSourcesBuildPhase section */

/* Begin PBXTargetDependency section */
		0855DF572900C0FF0025858B /* PBXTargetDependency */ = {
			isa = PBXTargetDependency;
			target = 081AF85428FDF71E00425075 /* NfcWriter */;
			targetProxy = 0855DF562900C0FF0025858B /* PBXContainerItemProxy */;
		};
/* End PBXTargetDependency section */

/* Begin PBXVariantGroup section */
		081AF86328FDF71F00425075 /* LaunchScreen.storyboard */ = {
			isa = PBXVariantGroup;
			children = (
				081AF86428FDF71F00425075 /* Base */,
			);
			name = LaunchScreen.storyboard;
			sourceTree = "<group>";
		};
/* End PBXVariantGroup section */

/* Begin XCBuildConfiguration section */
		081AF86728FDF71F00425075 /* Debug */ = {
			isa = XCBuildConfiguration;
			baseConfigurationReference = 081AF87228FE017F00425075 /* Config.xcconfig */;
			buildSettings = {
				ALWAYS_SEARCH_USER_PATHS = NO;
				CLANG_ANALYZER_NONNULL = YES;
				CLANG_ANALYZER_NUMBER_OBJECT_CONVERSION = YES_AGGRESSIVE;
				CLANG_CXX_LANGUAGE_STANDARD = "gnu++20";
				CLANG_ENABLE_MODULES = YES;
				CLANG_ENABLE_OBJC_ARC = YES;
				CLANG_ENABLE_OBJC_WEAK = YES;
				CLANG_WARN_BLOCK_CAPTURE_AUTORELEASING = YES;
				CLANG_WARN_BOOL_CONVERSION = YES;
				CLANG_WARN_COMMA = YES;
				CLANG_WARN_CONSTANT_CONVERSION = YES;
				CLANG_WARN_DEPRECATED_OBJC_IMPLEMENTATIONS = YES;
				CLANG_WARN_DIRECT_OBJC_ISA_USAGE = YES_ERROR;
				CLANG_WARN_DOCUMENTATION_COMMENTS = YES;
				CLANG_WARN_EMPTY_BODY = YES;
				CLANG_WARN_ENUM_CONVERSION = YES;
				CLANG_WARN_INFINITE_RECURSION = YES;
				CLANG_WARN_INT_CONVERSION = YES;
				CLANG_WARN_NON_LITERAL_NULL_CONVERSION = YES;
				CLANG_WARN_OBJC_IMPLICIT_RETAIN_SELF = YES;
				CLANG_WARN_OBJC_LITERAL_CONVERSION = YES;
				CLANG_WARN_OBJC_ROOT_CLASS = YES_ERROR;
				CLANG_WARN_QUOTED_INCLUDE_IN_FRAMEWORK_HEADER = YES;
				CLANG_WARN_RANGE_LOOP_ANALYSIS = YES;
				CLANG_WARN_STRICT_PROTOTYPES = YES;
				CLANG_WARN_SUSPICIOUS_MOVE = YES;
				CLANG_WARN_UNGUARDED_AVAILABILITY = YES_AGGRESSIVE;
				CLANG_WARN_UNREACHABLE_CODE = YES;
				CLANG_WARN__DUPLICATE_METHOD_MATCH = YES;
				COPY_PHASE_STRIP = NO;
				DEBUG_INFORMATION_FORMAT = dwarf;
				ENABLE_STRICT_OBJC_MSGSEND = YES;
				ENABLE_TESTABILITY = YES;
				GCC_C_LANGUAGE_STANDARD = gnu11;
				GCC_DYNAMIC_NO_PIC = NO;
				GCC_NO_COMMON_BLOCKS = YES;
				GCC_OPTIMIZATION_LEVEL = 0;
				GCC_PREPROCESSOR_DEFINITIONS = (
					"DEBUG=1",
					"$(inherited)",
				);
				GCC_WARN_64_TO_32_BIT_CONVERSION = YES;
				GCC_WARN_ABOUT_RETURN_TYPE = YES_ERROR;
				GCC_WARN_UNDECLARED_SELECTOR = YES;
				GCC_WARN_UNINITIALIZED_AUTOS = YES_AGGRESSIVE;
				GCC_WARN_UNUSED_FUNCTION = YES;
				GCC_WARN_UNUSED_VARIABLE = YES;
				IPHONEOS_DEPLOYMENT_TARGET = 14.0;
				MTL_ENABLE_DEBUG_INFO = INCLUDE_SOURCE;
				MTL_FAST_MATH = YES;
				ONLY_ACTIVE_ARCH = YES;
				SDKROOT = iphoneos;
				SWIFT_ACTIVE_COMPILATION_CONDITIONS = DEBUG;
				SWIFT_OPTIMIZATION_LEVEL = "-Onone";
				SWIFT_VERSION = 5.0;
			};
			name = Debug;
		};
		081AF86828FDF71F00425075 /* Release */ = {
			isa = XCBuildConfiguration;
			baseConfigurationReference = 081AF87228FE017F00425075 /* Config.xcconfig */;
			buildSettings = {
				ALWAYS_SEARCH_USER_PATHS = NO;
				CLANG_ANALYZER_NONNULL = YES;
				CLANG_ANALYZER_NUMBER_OBJECT_CONVERSION = YES_AGGRESSIVE;
				CLANG_CXX_LANGUAGE_STANDARD = "gnu++20";
				CLANG_ENABLE_MODULES = YES;
				CLANG_ENABLE_OBJC_ARC = YES;
				CLANG_ENABLE_OBJC_WEAK = YES;
				CLANG_WARN_BLOCK_CAPTURE_AUTORELEASING = YES;
				CLANG_WARN_BOOL_CONVERSION = YES;
				CLANG_WARN_COMMA = YES;
				CLANG_WARN_CONSTANT_CONVERSION = YES;
				CLANG_WARN_DEPRECATED_OBJC_IMPLEMENTATIONS = YES;
				CLANG_WARN_DIRECT_OBJC_ISA_USAGE = YES_ERROR;
				CLANG_WARN_DOCUMENTATION_COMMENTS = YES;
				CLANG_WARN_EMPTY_BODY = YES;
				CLANG_WARN_ENUM_CONVERSION = YES;
				CLANG_WARN_INFINITE_RECURSION = YES;
				CLANG_WARN_INT_CONVERSION = YES;
				CLANG_WARN_NON_LITERAL_NULL_CONVERSION = YES;
				CLANG_WARN_OBJC_IMPLICIT_RETAIN_SELF = YES;
				CLANG_WARN_OBJC_LITERAL_CONVERSION = YES;
				CLANG_WARN_OBJC_ROOT_CLASS = YES_ERROR;
				CLANG_WARN_QUOTED_INCLUDE_IN_FRAMEWORK_HEADER = YES;
				CLANG_WARN_RANGE_LOOP_ANALYSIS = YES;
				CLANG_WARN_STRICT_PROTOTYPES = YES;
				CLANG_WARN_SUSPICIOUS_MOVE = YES;
				CLANG_WARN_UNGUARDED_AVAILABILITY = YES_AGGRESSIVE;
				CLANG_WARN_UNREACHABLE_CODE = YES;
				CLANG_WARN__DUPLICATE_METHOD_MATCH = YES;
				COPY_PHASE_STRIP = NO;
				DEBUG_INFORMATION_FORMAT = "dwarf-with-dsym";
				ENABLE_NS_ASSERTIONS = NO;
				ENABLE_STRICT_OBJC_MSGSEND = YES;
				GCC_C_LANGUAGE_STANDARD = gnu11;
				GCC_NO_COMMON_BLOCKS = YES;
				GCC_WARN_64_TO_32_BIT_CONVERSION = YES;
				GCC_WARN_ABOUT_RETURN_TYPE = YES_ERROR;
				GCC_WARN_UNDECLARED_SELECTOR = YES;
				GCC_WARN_UNINITIALIZED_AUTOS = YES_AGGRESSIVE;
				GCC_WARN_UNUSED_FUNCTION = YES;
				GCC_WARN_UNUSED_VARIABLE = YES;
				IPHONEOS_DEPLOYMENT_TARGET = 14.0;
				MTL_ENABLE_DEBUG_INFO = NO;
				MTL_FAST_MATH = YES;
				SDKROOT = iphoneos;
				SWIFT_COMPILATION_MODE = wholemodule;
				SWIFT_OPTIMIZATION_LEVEL = "-O";
				SWIFT_VERSION = 5.0;
				VALIDATE_PRODUCT = YES;
			};
			name = Release;
		};
		081AF86A28FDF71F00425075 /* Debug */ = {
			isa = XCBuildConfiguration;
			baseConfigurationReference = 081AF87228FE017F00425075 /* Config.xcconfig */;
			buildSettings = {
				ASSETCATALOG_COMPILER_APPICON_NAME = AppIcon;
				ASSETCATALOG_COMPILER_GLOBAL_ACCENT_COLOR_NAME = AccentColor;
				CODE_SIGN_ENTITLEMENTS = NfcWriter/NfcWriter.entitlements;
				CODE_SIGN_IDENTITY = "Apple Development";
				CODE_SIGN_STYLE = Automatic;
				CURRENT_PROJECT_VERSION = 1;
				DEVELOPMENT_TEAM = 9SAQ42S589;
				GENERATE_INFOPLIST_FILE = YES;
				INFOPLIST_FILE = NfcWriter/Info.plist;
				INFOPLIST_KEY_LSApplicationCategoryType = "public.app-category.social-networking";
				INFOPLIST_KEY_NFCReaderUsageDescription = "writes twitter handle";
				INFOPLIST_KEY_UIApplicationSupportsIndirectInputEvents = YES;
				INFOPLIST_KEY_UILaunchStoryboardName = LaunchScreen;
				INFOPLIST_KEY_UIRequiredDeviceCapabilities = "armv7 nfc";
				INFOPLIST_KEY_UISupportedInterfaceOrientations = UIInterfaceOrientationPortrait;
				INFOPLIST_KEY_UISupportedInterfaceOrientations_iPad = "UIInterfaceOrientationLandscapeLeft UIInterfaceOrientationLandscapeRight UIInterfaceOrientationPortrait UIInterfaceOrientationPortraitUpsideDown";
				IPHONEOS_DEPLOYMENT_TARGET = 14.0;
				LD_RUNPATH_SEARCH_PATHS = (
					"$(inherited)",
					"@executable_path/Frameworks",
				);
				MARKETING_VERSION = 1.0;
				PRODUCT_BUNDLE_IDENTIFIER = com.vivianphung.twitternfc;
				PRODUCT_NAME = "$(TARGET_NAME)";
				PROVISIONING_PROFILE_SPECIFIER = "";
				SUPPORTED_PLATFORMS = "iphoneos iphonesimulator";
				SUPPORTS_MACCATALYST = NO;
				SUPPORTS_MAC_DESIGNED_FOR_IPHONE_IPAD = NO;
				SWIFT_EMIT_LOC_STRINGS = YES;
				SWIFT_VERSION = 5.0;
				TARGETED_DEVICE_FAMILY = 1;
			};
			name = Debug;
		};
		081AF86B28FDF71F00425075 /* Release */ = {
			isa = XCBuildConfiguration;
			baseConfigurationReference = 081AF87228FE017F00425075 /* Config.xcconfig */;
			buildSettings = {
				ASSETCATALOG_COMPILER_APPICON_NAME = AppIcon;
				ASSETCATALOG_COMPILER_GLOBAL_ACCENT_COLOR_NAME = AccentColor;
				CODE_SIGN_ENTITLEMENTS = NfcWriter/NfcWriterRelease.entitlements;
				CODE_SIGN_IDENTITY = "Apple Development";
				CODE_SIGN_STYLE = Automatic;
				CURRENT_PROJECT_VERSION = 1;
				DEVELOPMENT_TEAM = 9SAQ42S589;
				GENERATE_INFOPLIST_FILE = YES;
				INFOPLIST_FILE = NfcWriter/Info.plist;
				INFOPLIST_KEY_LSApplicationCategoryType = "public.app-category.social-networking";
				INFOPLIST_KEY_NFCReaderUsageDescription = "writes twitter handle";
				INFOPLIST_KEY_UIApplicationSupportsIndirectInputEvents = YES;
				INFOPLIST_KEY_UILaunchStoryboardName = LaunchScreen;
				INFOPLIST_KEY_UIRequiredDeviceCapabilities = "armv7 nfc";
				INFOPLIST_KEY_UISupportedInterfaceOrientations = UIInterfaceOrientationPortrait;
				INFOPLIST_KEY_UISupportedInterfaceOrientations_iPad = "UIInterfaceOrientationLandscapeLeft UIInterfaceOrientationLandscapeRight UIInterfaceOrientationPortrait UIInterfaceOrientationPortraitUpsideDown";
				IPHONEOS_DEPLOYMENT_TARGET = 14.0;
				LD_RUNPATH_SEARCH_PATHS = (
					"$(inherited)",
					"@executable_path/Frameworks",
				);
				MARKETING_VERSION = 1.0;
				PRODUCT_BUNDLE_IDENTIFIER = com.vivianphung.twitternfc;
				PRODUCT_NAME = "$(TARGET_NAME)";
				PROVISIONING_PROFILE_SPECIFIER = "";
				SUPPORTED_PLATFORMS = "iphoneos iphonesimulator";
				SUPPORTS_MACCATALYST = NO;
				SUPPORTS_MAC_DESIGNED_FOR_IPHONE_IPAD = NO;
				SWIFT_EMIT_LOC_STRINGS = YES;
				SWIFT_VERSION = 5.0;
				TARGETED_DEVICE_FAMILY = 1;
			};
			name = Release;
		};
		0855DF582900C0FF0025858B /* Debug */ = {
			isa = XCBuildConfiguration;
			baseConfigurationReference = 081AF87228FE017F00425075 /* Config.xcconfig */;
			buildSettings = {
				CODE_SIGN_IDENTITY = "Apple Development";
				CODE_SIGN_STYLE = Automatic;
				CURRENT_PROJECT_VERSION = 1;
				DEVELOPMENT_TEAM = 9SAQ42S589;
				GENERATE_INFOPLIST_FILE = YES;
				IPHONEOS_DEPLOYMENT_TARGET = 14.0;
				MARKETING_VERSION = 1.0;
				PRODUCT_BUNDLE_IDENTIFIER = com.vivianphung.NfcWriterUITests;
				PRODUCT_NAME = "$(TARGET_NAME)";
				PROVISIONING_PROFILE_SPECIFIER = "";
				SUPPORTED_PLATFORMS = "iphoneos iphonesimulator";
				SUPPORTS_MACCATALYST = NO;
				SUPPORTS_MAC_DESIGNED_FOR_IPHONE_IPAD = NO;
				SWIFT_EMIT_LOC_STRINGS = NO;
				SWIFT_VERSION = 5.0;
				TARGETED_DEVICE_FAMILY = 1;
				TEST_TARGET_NAME = NfcWriter;
			};
			name = Debug;
		};
		0855DF592900C0FF0025858B /* Release */ = {
			isa = XCBuildConfiguration;
			baseConfigurationReference = 081AF87228FE017F00425075 /* Config.xcconfig */;
			buildSettings = {
				CODE_SIGN_IDENTITY = "Apple Development";
				CODE_SIGN_STYLE = Automatic;
				CURRENT_PROJECT_VERSION = 1;
				DEVELOPMENT_TEAM = 9SAQ42S589;
				GENERATE_INFOPLIST_FILE = YES;
				IPHONEOS_DEPLOYMENT_TARGET = 14.0;
				MARKETING_VERSION = 1.0;
				PRODUCT_BUNDLE_IDENTIFIER = com.vivianphung.NfcWriterUITests;
				PRODUCT_NAME = "$(TARGET_NAME)";
				PROVISIONING_PROFILE_SPECIFIER = "";
				SUPPORTED_PLATFORMS = "iphoneos iphonesimulator";
				SUPPORTS_MACCATALYST = NO;
				SUPPORTS_MAC_DESIGNED_FOR_IPHONE_IPAD = NO;
				SWIFT_EMIT_LOC_STRINGS = NO;
				SWIFT_VERSION = 5.0;
				TARGETED_DEVICE_FAMILY = 1;
				TEST_TARGET_NAME = NfcWriter;
			};
			name = Release;
		};
/* End XCBuildConfiguration section */

/* Begin XCConfigurationList section */
		081AF85028FDF71E00425075 /* Build configuration list for PBXProject "NfcWriter" */ = {
			isa = XCConfigurationList;
			buildConfigurations = (
				081AF86728FDF71F00425075 /* Debug */,
				081AF86828FDF71F00425075 /* Release */,
			);
			defaultConfigurationIsVisible = 0;
			defaultConfigurationName = Release;
		};
		081AF86928FDF71F00425075 /* Build configuration list for PBXNativeTarget "NfcWriter" */ = {
			isa = XCConfigurationList;
			buildConfigurations = (
				081AF86A28FDF71F00425075 /* Debug */,
				081AF86B28FDF71F00425075 /* Release */,
			);
			defaultConfigurationIsVisible = 0;
			defaultConfigurationName = Release;
		};
		0855DF5A2900C0FF0025858B /* Build configuration list for PBXNativeTarget "NfcWriterUITests" */ = {
			isa = XCConfigurationList;
			buildConfigurations = (
				0855DF582900C0FF0025858B /* Debug */,
				0855DF592900C0FF0025858B /* Release */,
			);
			defaultConfigurationIsVisible = 0;
			defaultConfigurationName = Release;
		};
/* End XCConfigurationList section */
	};
	rootObject = 081AF84D28FDF71E00425075 /* Project object */;
}
